
Microsoft Visual Studio Solution File, Format Version 12.00
# Visual Studio 15
VisualStudioVersion = 15.0.27130.2026
MinimumVisualStudioVersion = 10.0.40219.1
Project("{8BC9CEB8-8B4A-11D0-8D11-00A0C91BC942}") = "CCG1", "CCG1\CCG1.vcxproj", "{039B44D8-C9DC-4AE9-AEF6-DE8E5CE9DAFF}"
EndProject
Project("{8BC9CEB8-8B4A-11D0-8D11-00A0C91BC942}") = "AidanEngine", "Dependencies\AidanEngine\AidanEngine.vcxproj", "{8D5F3BF0-81BD-4138-A8C9-71C81140C228}"
EndProject
Global
	GlobalSection(SolutionConfigurationPlatforms) = preSolution
		Debug|x64 = Debug|x64
		Debug|x86 = Debug|x86
		Release|x64 = Release|x64
		Release|x86 = Release|x86
	EndGlobalSection
	GlobalSection(ProjectConfigurationPlatforms) = postSolution
		{039B44D8-C9DC-4AE9-AEF6-DE8E5CE9DAFF}.Debug|x64.ActiveCfg = Debug|x64
		{039B44D8-C9DC-4AE9-AEF6-DE8E5CE9DAFF}.Debug|x64.Build.0 = Debug|x64
		{039B44D8-C9DC-4AE9-AEF6-DE8E5CE9DAFF}.Debug|x86.ActiveCfg = Debug|Win32
		{039B44D8-C9DC-4AE9-AEF6-DE8E5CE9DAFF}.Debug|x86.Build.0 = Debug|Win32
		{039B44D8-C9DC-4AE9-AEF6-DE8E5CE9DAFF}.Release|x64.ActiveCfg = Release|x64
		{039B44D8-C9DC-4AE9-AEF6-DE8E5CE9DAFF}.Release|x64.Build.0 = Release|x64
		{039B44D8-C9DC-4AE9-AEF6-DE8E5CE9DAFF}.Release|x86.ActiveCfg = Release|Win32
		{039B44D8-C9DC-4AE9-AEF6-DE8E5CE9DAFF}.Release|x86.Build.0 = Release|Win32
		{8D5F3BF0-81BD-4138-A8C9-71C81140C228}.Debug|x64.ActiveCfg = Debug|x64
		{8D5F3BF0-81BD-4138-A8C9-71C81140C228}.Debug|x64.Build.0 = Debug|x64
		{8D5F3BF0-81BD-4138-A8C9-71C81140C228}.Debug|x86.ActiveCfg = Debug|Win32
		{8D5F3BF0-81BD-4138-A8C9-71C81140C228}.Debug|x86.Build.0 = Debug|Win32
		{8D5F3BF0-81BD-4138-A8C9-71C81140C228}.Release|x64.ActiveCfg = Release|x64
		{8D5F3BF0-81BD-4138-A8C9-71C81140C228}.Release|x64.Build.0 = Release|x64
		{8D5F3BF0-81BD-4138-A8C9-71C81140C228}.Release|x86.ActiveCfg = Release|Win32
		{8D5F3BF0-81BD-4138-A8C9-71C81140C228}.Release|x86.Build.0 = Release|Win32
	EndGlobalSection
	GlobalSection(SolutionProperties) = preSolution
		HideSolutionNode = FALSE
	EndGlobalSection
	GlobalSection(ExtensibilityGlobals) = postSolution
		SolutionGuid = {14235046-1839-4050-A5AA-529F2A47EBD8}
	EndGlobalSection
EndGlobal
